// !$*UTF8*$!
{
	archiveVersion = 1;
	classes = {
	};
	objectVersion = 46;
	objects = {

/* Begin PBXBuildFile section */
		BB1F4943195F43CA00711BF0 /* main.m in Sources */ = {isa = PBXBuildFile; fileRef = BB1F4942195F43CA00711BF0 /* main.m */; };
		BB1F4946195F43CA00711BF0 /* AppDelegate.m in Sources */ = {isa = PBXBuildFile; fileRef = BB1F4945195F43CA00711BF0 /* AppDelegate.m */; };
		BB1F4948195F43CA00711BF0 /* Images.xcassets in Resources */ = {isa = PBXBuildFile; fileRef = BB1F4947195F43CA00711BF0 /* Images.xcassets */; };
		BBBC26EE1960D29C008F7048 /* ESSBlockDemoTableViewController.m in Sources */ = {isa = PBXBuildFile; fileRef = BBBC26ED1960D29C008F7048 /* ESSBlockDemoTableViewController.m */; };
		BBF4B11D19610552005798E2 /* ESSBlockActionSheet.m in Sources */ = {isa = PBXBuildFile; fileRef = BBF4B11619610552005798E2 /* ESSBlockActionSheet.m */; };
		BBF4B11E19610552005798E2 /* ESSBlockAlertView.m in Sources */ = {isa = PBXBuildFile; fileRef = BBF4B11819610552005798E2 /* ESSBlockAlertView.m */; };
		BBF4B11F19610552005798E2 /* ESSButtonItem.m in Sources */ = {isa = PBXBuildFile; fileRef = BBF4B11A19610552005798E2 /* ESSButtonItem.m */; };
/* End PBXBuildFile section */

/* Begin PBXFileReference section */
		BB1F493D195F43CA00711BF0 /* ESSBlockActionSheetDemo.app */ = {isa = PBXFileReference; explicitFileType = wrapper.application; includeInIndex = 0; name = ESSBlockActionSheetDemo.app; path = "/Developer/ESSBlockActionSheet/ESSBlockActionSheetDemo/build/Debug-iphoneos/ESSBlockActionSheetDemo.app"; sourceTree = "<absolute>"; };
		BB1F4941195F43CA00711BF0 /* Info.plist */ = {isa = PBXFileReference; lastKnownFileType = text.plist.xml; path = Info.plist; sourceTree = "<group>"; };
		BB1F4942195F43CA00711BF0 /* main.m */ = {isa = PBXFileReference; lastKnownFileType = sourcecode.c.objc; path = main.m; sourceTree = "<group>"; };
		BB1F4944195F43CA00711BF0 /* AppDelegate.h */ = {isa = PBXFileReference; lastKnownFileType = sourcecode.c.h; path = AppDelegate.h; sourceTree = "<group>"; };
		BB1F4945195F43CA00711BF0 /* AppDelegate.m */ = {isa = PBXFileReference; lastKnownFileType = sourcecode.c.objc; path = AppDelegate.m; sourceTree = "<group>"; };
		BB1F4947195F43CA00711BF0 /* Images.xcassets */ = {isa = PBXFileReference; lastKnownFileType = folder.assetcatalog; path = Images.xcassets; sourceTree = "<group>"; };
		BBBC26EC1960D29C008F7048 /* ESSBlockDemoTableViewController.h */ = {isa = PBXFileReference; fileEncoding = 4; lastKnownFileType = sourcecode.c.h; path = ESSBlockDemoTableViewController.h; sourceTree = "<group>"; };
		BBBC26ED1960D29C008F7048 /* ESSBlockDemoTableViewController.m */ = {isa = PBXFileReference; fileEncoding = 4; lastKnownFileType = sourcecode.c.objc; path = ESSBlockDemoTableViewController.m; sourceTree = "<group>"; };
		BBF4B11519610552005798E2 /* ESSBlockActionSheet.h */ = {isa = PBXFileReference; fileEncoding = 4; lastKnownFileType = sourcecode.c.h; path = ESSBlockActionSheet.h; sourceTree = "<group>"; };
		BBF4B11619610552005798E2 /* ESSBlockActionSheet.m */ = {isa = PBXFileReference; fileEncoding = 4; lastKnownFileType = sourcecode.c.objc; path = ESSBlockActionSheet.m; sourceTree = "<group>"; };
		BBF4B11719610552005798E2 /* ESSBlockAlertView.h */ = {isa = PBXFileReference; fileEncoding = 4; lastKnownFileType = sourcecode.c.h; path = ESSBlockAlertView.h; sourceTree = "<group>"; };
		BBF4B11819610552005798E2 /* ESSBlockAlertView.m */ = {isa = PBXFileReference; fileEncoding = 4; lastKnownFileType = sourcecode.c.objc; path = ESSBlockAlertView.m; sourceTree = "<group>"; };
		BBF4B11919610552005798E2 /* ESSButtonItem.h */ = {isa = PBXFileReference; fileEncoding = 4; lastKnownFileType = sourcecode.c.h; path = ESSButtonItem.h; sourceTree = "<group>"; };
		BBF4B11A19610552005798E2 /* ESSButtonItem.m */ = {isa = PBXFileReference; fileEncoding = 4; lastKnownFileType = sourcecode.c.objc; path = ESSButtonItem.m; sourceTree = "<group>"; };
		BBF4B11B19610552005798E2 /* LICENSE */ = {isa = PBXFileReference; fileEncoding = 4; lastKnownFileType = text; path = LICENSE; sourceTree = "<group>"; };
		BBF4B11C19610552005798E2 /* README.md */ = {isa = PBXFileReference; fileEncoding = 4; lastKnownFileType = net.daringfireball.markdown; path = README.md; sourceTree = "<group>"; };
/* End PBXFileReference section */

/* Begin PBXFrameworksBuildPhase section */
		BB1F493A195F43CA00711BF0 /* Frameworks */ = {
			isa = PBXFrameworksBuildPhase;
			buildActionMask = 2147483647;
			files = (
			);
			runOnlyForDeploymentPostprocessing = 0;
		};
/* End PBXFrameworksBuildPhase section */

/* Begin PBXGroup section */
		BB1F4934195F43CA00711BF0 = {
			isa = PBXGroup;
			children = (
				BBF4B11419610536005798E2 /* ESSBlockActionSheet */,
				BB1F493F195F43CA00711BF0 /* ESSBlockActionSheetDemo */,
			);
			sourceTree = "<group>";
		};
		BB1F493F195F43CA00711BF0 /* ESSBlockActionSheetDemo */ = {
			isa = PBXGroup;
			children = (
				BB1F4944195F43CA00711BF0 /* AppDelegate.h */,
				BB1F4945195F43CA00711BF0 /* AppDelegate.m */,
				BBBC26EC1960D29C008F7048 /* ESSBlockDemoTableViewController.h */,
				BBBC26ED1960D29C008F7048 /* ESSBlockDemoTableViewController.m */,
				BB1F4947195F43CA00711BF0 /* Images.xcassets */,
				BB1F4940195F43CA00711BF0 /* Supporting Files */,
			);
			path = ESSBlockActionSheetDemo;
			sourceTree = "<group>";
		};
		BB1F4940195F43CA00711BF0 /* Supporting Files */ = {
			isa = PBXGroup;
			children = (
				BB1F4941195F43CA00711BF0 /* Info.plist */,
				BB1F4942195F43CA00711BF0 /* main.m */,
			);
			name = "Supporting Files";
			sourceTree = "<group>";
		};
		BBF4B11419610536005798E2 /* ESSBlockActionSheet */ = {
			isa = PBXGroup;
			children = (
				BBF4B11519610552005798E2 /* ESSBlockActionSheet.h */,
				BBF4B11619610552005798E2 /* ESSBlockActionSheet.m */,
				BBF4B11719610552005798E2 /* ESSBlockAlertView.h */,
				BBF4B11819610552005798E2 /* ESSBlockAlertView.m */,
				BBF4B11919610552005798E2 /* ESSButtonItem.h */,
				BBF4B11A19610552005798E2 /* ESSButtonItem.m */,
				BBF4B11B19610552005798E2 /* LICENSE */,
				BBF4B11C19610552005798E2 /* README.md */,
			);
			name = ESSBlockActionSheet;
			path = ..;
			sourceTree = "<group>";
		};
/* End PBXGroup section */

/* Begin PBXNativeTarget section */
		BB1F493C195F43CA00711BF0 /* ESSBlockActionSheetDemo */ = {
			isa = PBXNativeTarget;
			buildConfigurationList = BB1F4957195F43CA00711BF0 /* Build configuration list for PBXNativeTarget "ESSBlockActionSheetDemo" */;
			buildPhases = (
				BB1F4939195F43CA00711BF0 /* Sources */,
				BB1F493A195F43CA00711BF0 /* Frameworks */,
				BB1F493B195F43CA00711BF0 /* Resources */,
			);
			buildRules = (
			);
			dependencies = (
			);
			name = ESSBlockActionSheetDemo;
			productName = ESSBlockActionSheetDemo;
			productReference = BB1F493D195F43CA00711BF0 /* ESSBlockActionSheetDemo.app */;
			productType = "com.apple.product-type.application";
		};
/* End PBXNativeTarget section */

/* Begin PBXProject section */
		BB1F4935195F43CA00711BF0 /* Project object */ = {
			isa = PBXProject;
			attributes = {
				LastUpgradeCheck = 0600;
				ORGANIZATIONNAME = "Erik Strottmann";
				TargetAttributes = {
					BB1F493C195F43CA00711BF0 = {
						CreatedOnToolsVersion = 6.0;
					};
				};
			};
			buildConfigurationList = BB1F4938195F43CA00711BF0 /* Build configuration list for PBXProject "ESSBlockActionSheetDemo" */;
			compatibilityVersion = "Xcode 3.2";
			developmentRegion = English;
			hasScannedForEncodings = 0;
			knownRegions = (
				en,
			);
			mainGroup = BB1F4934195F43CA00711BF0;
			productRefGroup = BB1F4934195F43CA00711BF0;
			projectDirPath = "";
			projectRoot = "";
			targets = (
				BB1F493C195F43CA00711BF0 /* ESSBlockActionSheetDemo */,
			);
		};
/* End PBXProject section */

/* Begin PBXResourcesBuildPhase section */
		BB1F493B195F43CA00711BF0 /* Resources */ = {
			isa = PBXResourcesBuildPhase;
			buildActionMask = 2147483647;
			files = (
				BB1F4948195F43CA00711BF0 /* Images.xcassets in Resources */,
			);
			runOnlyForDeploymentPostprocessing = 0;
		};
/* End PBXResourcesBuildPhase section */

/* Begin PBXSourcesBuildPhase section */
		BB1F4939195F43CA00711BF0 /* Sources */ = {
			isa = PBXSourcesBuildPhase;
			buildActionMask = 2147483647;
			files = (
				BB1F4946195F43CA00711BF0 /* AppDelegate.m in Sources */,
				BBF4B11D19610552005798E2 /* ESSBlockActionSheet.m in Sources */,
				BBF4B11E19610552005798E2 /* ESSBlockAlertView.m in Sources */,
				BB1F4943195F43CA00711BF0 /* main.m in Sources */,
				BBF4B11F19610552005798E2 /* ESSButtonItem.m in Sources */,
				BBBC26EE1960D29C008F7048 /* ESSBlockDemoTableViewController.m in Sources */,
			);
			runOnlyForDeploymentPostprocessing = 0;
		};
/* End PBXSourcesBuildPhase section */

/* Begin XCBuildConfiguration section */
		BB1F4955195F43CA00711BF0 /* Debug */ = {
			isa = XCBuildConfiguration;
			buildSettings = {
				ALWAYS_SEARCH_USER_PATHS = NO;
				CLANG_CXX_LANGUAGE_STANDARD = "gnu++0x";
				CLANG_CXX_LIBRARY = "libc++";
				CLANG_ENABLE_MODULES = YES;
				CLANG_ENABLE_OBJC_ARC = YES;
				CLANG_WARN_BOOL_CONVERSION = YES;
				CLANG_WARN_CONSTANT_CONVERSION = YES;
				CLANG_WARN_DIRECT_OBJC_ISA_USAGE = YES_ERROR;
				CLANG_WARN_EMPTY_BODY = YES;
				CLANG_WARN_ENUM_CONVERSION = YES;
				CLANG_WARN_INT_CONVERSION = YES;
				CLANG_WARN_OBJC_ROOT_CLASS = YES_ERROR;
				CLANG_WARN_UNREACHABLE_CODE = YES;
				CLANG_WARN__DUPLICATE_METHOD_MATCH = YES;
				"CODE_SIGN_IDENTITY[sdk=iphoneos*]" = "iPhone Developer";
				COPY_PHASE_STRIP = NO;
				ENABLE_STRICT_OBJC_MSGSEND = YES;
				GCC_C_LANGUAGE_STANDARD = gnu99;
				GCC_DYNAMIC_NO_PIC = NO;
				GCC_OPTIMIZATION_LEVEL = 0;
				GCC_PREPROCESSOR_DEFINITIONS = (
					"DEBUG=1",
					"$(inherited)",
				);
				GCC_SYMBOLS_PRIVATE_EXTERN = NO;
				GCC_WARN_64_TO_32_BIT_CONVERSION = YES;
				GCC_WARN_ABOUT_RETURN_TYPE = YES_ERROR;
				GCC_WARN_UNDECLARED_SELECTOR = YES;
				GCC_WARN_UNINITIALIZED_AUTOS = YES_AGGRESSIVE;
				GCC_WARN_UNUSED_FUNCTION = YES;
				GCC_WARN_UNUSED_VARIABLE = YES;
				IPHONEOS_DEPLOYMENT_TARGET = 8.0;
				METAL_ENABLE_DEBUG_INFO = YES;
				ONLY_ACTIVE_ARCH = YES;
				SDKROOT = iphoneos;
				TARGETED_DEVICE_FAMILY = "1,2";
			};
			name = Debug;
		};
		BB1F4956195F43CA00711BF0 /* Release */ = {
			isa = XCBuildConfiguration;
			buildSettings = {
				ALWAYS_SEARCH_USER_PATHS = NO;
				CLANG_CXX_LANGUAGE_STANDARD = "gnu++0x";
				CLANG_CXX_LIBRARY = "libc++";
				CLANG_ENABLE_MODULES = YES;
				CLANG_ENABLE_OBJC_ARC = YES;
				CLANG_WARN_BOOL_CONVERSION = YES;
				CLANG_WARN_CONSTANT_CONVERSION = YES;
				CLANG_WARN_DIRECT_OBJC_ISA_USAGE = YES_ERROR;
				CLANG_WARN_EMPTY_BODY = YES;
				CLANG_WARN_ENUM_CONVERSION = YES;
				CLANG_WARN_INT_CONVERSION = YES;
				CLANG_WARN_OBJC_ROOT_CLASS = YES_ERROR;
				CLANG_WARN_UNREACHABLE_CODE = YES;
				CLANG_WARN__DUPLICATE_METHOD_MATCH = YES;
				"CODE_SIGN_IDENTITY[sdk=iphoneos*]" = "iPhone Developer";
				COPY_PHASE_STRIP = YES;
				ENABLE_NS_ASSERTIONS = NO;
				ENABLE_STRICT_OBJC_MSGSEND = YES;
				GCC_C_LANGUAGE_STANDARD = gnu99;
				GCC_WARN_64_TO_32_BIT_CONVERSION = YES;
				GCC_WARN_ABOUT_RETURN_TYPE = YES_ERROR;
				GCC_WARN_UNDECLARED_SELECTOR = YES;
				GCC_WARN_UNINITIALIZED_AUTOS = YES_AGGRESSIVE;
				GCC_WARN_UNUSED_FUNCTION = YES;
				GCC_WARN_UNUSED_VARIABLE = YES;
				IPHONEOS_DEPLOYMENT_TARGET = 8.0;
				METAL_ENABLE_DEBUG_INFO = NO;
				SDKROOT = iphoneos;
				TARGETED_DEVICE_FAMILY = "1,2";
				VALIDATE_PRODUCT = YES;
			};
			name = Release;
		};
		BB1F4958195F43CA00711BF0 /* Debug */ = {
			isa = XCBuildConfiguration;
			buildSettings = {
				ASSETCATALOG_COMPILER_APPICON_NAME = AppIcon;
				ASSETCATALOG_COMPILER_LAUNCHIMAGE_NAME = LaunchImage;
				INFOPLIST_FILE = ESSBlockActionSheetDemo/Info.plist;
				IPHONEOS_DEPLOYMENT_TARGET = 6.0;
				LD_RUNPATH_SEARCH_PATHS = "$(inherited) @executable_path/Frameworks";
				PRODUCT_NAME = "$(TARGET_NAME)";
				SDKROOT = iphoneos;
			};
			name = Debug;
		};
		BB1F4959195F43CA00711BF0 /* Release */ = {
			isa = XCBuildConfiguration;
			buildSettings = {
				ASSETCATALOG_COMPILER_APPICON_NAME = AppIcon;
				ASSETCATALOG_COMPILER_LAUNCHIMAGE_NAME = LaunchImage;
				INFOPLIST_FILE = ESSBlockActionSheetDemo/Info.plist;
				IPHONEOS_DEPLOYMENT_TARGET = 6.0;
				LD_RUNPATH_SEARCH_PATHS = "$(inherited) @executable_path/Frameworks";
				PRODUCT_NAME = "$(TARGET_NAME)";
				SDKROOT = iphoneos;
			};
			name = Release;
		};
/* End XCBuildConfiguration section */

/* Begin XCConfigurationList section */
		BB1F4938195F43CA00711BF0 /* Build configuration list for PBXProject "ESSBlockActionSheetDemo" */ = {
			isa = XCConfigurationList;
			buildConfigurations = (
				BB1F4955195F43CA00711BF0 /* Debug */,
				BB1F4956195F43CA00711BF0 /* Release */,
			);
			defaultConfigurationIsVisible = 0;
			defaultConfigurationName = Release;
		};
		BB1F4957195F43CA00711BF0 /* Build configuration list for PBXNativeTarget "ESSBlockActionSheetDemo" */ = {
			isa = XCConfigurationList;
			buildConfigurations = (
				BB1F4958195F43CA00711BF0 /* Debug */,
				BB1F4959195F43CA00711BF0 /* Release */,
			);
			defaultConfigurationIsVisible = 0;
			defaultConfigurationName = Release;
		};
/* End XCConfigurationList section */
	};
	rootObject = BB1F4935195F43CA00711BF0 /* Project object */;
}
